
Microsoft Visual Studio Solution File, Format Version 12.00
# Visual Studio Version 17
VisualStudioVersion = 17.8.34330.188
MinimumVisualStudioVersion = 10.0.40219.1
Project("{FAE04EC0-301F-11D3-BF4B-00C04F79EFBC}") = "Desafio", "Desafio.csproj", "{DCF0B9E6-9555-484B-A274-6D70A170ED92}"
EndProject
Global
	GlobalSection(SolutionConfigurationPlatforms) = preSolution
		Debug|Any CPU = Debug|Any CPU
		Release|Any CPU = Release|Any CPU
	EndGlobalSection
	GlobalSection(ProjectConfigurationPlatforms) = postSolution
		{DCF0B9E6-9555-484B-A274-6D70A170ED92}.Debug|Any CPU.ActiveCfg = Debug|Any CPU
		{DCF0B9E6-9555-484B-A274-6D70A170ED92}.Debug|Any CPU.Build.0 = Debug|Any CPU
		{DCF0B9E6-9555-484B-A274-6D70A170ED92}.Release|Any CPU.ActiveCfg = Release|Any CPU
		{DCF0B9E6-9555-484B-A274-6D70A170ED92}.Release|Any CPU.Build.0 = Release|Any CPU
	EndGlobalSection
	GlobalSection(SolutionProperties) = preSolution
		HideSolutionNode = FALSE
	EndGlobalSection
	GlobalSection(ExtensibilityGlobals) = postSolution
		SolutionGuid = {E903AF8E-3E11-4870-B9F0-C45946B180B5}
	EndGlobalSection
EndGlobal
